
Microsoft Visual Studio Solution File, Format Version 12.00
# Visual Studio Version 16
VisualStudioVersion = 16.0.31313.79
MinimumVisualStudioVersion = 10.0.40219.1
Project("{FAE04EC0-301F-11D3-BF4B-00C04F79EFBC}") = "EmpWageComputation", "EmpWageComputation\EmpWageComputation.csproj", "{03E2D71D-AE55-438C-B342-4BEB3E40DD69}"
EndProject
Global
	GlobalSection(SolutionConfigurationPlatforms) = preSolution
		Debug|Any CPU = Debug|Any CPU
		Release|Any CPU = Release|Any CPU
	EndGlobalSection
	GlobalSection(ProjectConfigurationPlatforms) = postSolution
		{03E2D71D-AE55-438C-B342-4BEB3E40DD69}.Debug|Any CPU.ActiveCfg = Debug|Any CPU
		{03E2D71D-AE55-438C-B342-4BEB3E40DD69}.Debug|Any CPU.Build.0 = Debug|Any CPU
		{03E2D71D-AE55-438C-B342-4BEB3E40DD69}.Release|Any CPU.ActiveCfg = Release|Any CPU
		{03E2D71D-AE55-438C-B342-4BEB3E40DD69}.Release|Any CPU.Build.0 = Release|Any CPU
	EndGlobalSection
	GlobalSection(SolutionProperties) = preSolution
		HideSolutionNode = FALSE
	EndGlobalSection
	GlobalSection(ExtensibilityGlobals) = postSolution
		SolutionGuid = {B658996B-1113-4161-BB0D-7FAC722D1383}
	EndGlobalSection
EndGlobal
